github.com/ForceCLI/config v0.0.0-20230217143549-9149d42a3c99 h1:H2axnitaP3Dw+tocMHPQHjM2wJ/+grF8sOIQGaJeEsg=
github.com/ForceCLI/config v0.0.0-20230217143549-9149d42a3c99/go.mod h1:WHFXv3VIHldTnYGmWAXAxsu4O754A9Zakq4DedI8PSA=
github.com/ForceCLI/force v0.99.4 h1:XksLXaXNFM6XC4qE/ZzOVZ6ieRoUHEhQR2Yzh1ZQMg0=
github.com/ForceCLI/force v0.99.4/go.mod h1:EhdV2NEkK2qLoB/JXyTLAjcSwdJ7HVM1JUkknY/AeXY=
github.com/ForceCLI/inflect v0.0.0-20130829110746-cc00b5ad7a6a h1:mMd54YgLoeupNpbph3KdwvF58O0lZ72RQaJ2cFPOFDE=
github.com/ForceCLI/inflect v0.0.0-20130829110746-cc00b5ad7a6a/go.mod h1:DGKmCfb9oo5BivGO+szHk2ZvlqPDTlW4AYVpRBIVbms=
github.com/ViViDboarder/gotifier v0.0.0-20140619195515-0f19f3d7c54c h1:qLWjxZGLdzxp0Gc4Sf6f4w15D+wNKZ28HhkV9y5cAhw=
github.com/ViViDboarder/gotifier v0.0.0-20140619195515-0f19f3d7c54c/go.mod h1:/nH+y85gO3ta3b6JtRWGA5hPIH35XJr/ZHXlfrBRx3A=
github.com/antonmedv/expr v1.12.3 h1:bQwNFbmpIXKY/v4ZKuA4nPGuvuBVd9/zKiGS5ZsPePI=
github.com/antonmedv/expr v1.12.3/go.mod h1:FPC8iWArxls7axbVLsW+kpg1mz29A1b2M6jt+hZfDkU=
github.com/benhoyt/goawk v1.21.0 h1:GASuhJXHMFZ/2TJBPh+2Ah3kclVGNvGjt+uh3ajMdLk=
github.com/benhoyt/goawk v1.21.0/go.mod h1:UG1Ld6CjkkHhoyQmErQGSTwmavsTqFnCDYsLSJbovqU=
github.com/clbanning/mxj v1.8.4 h1:HuhwZtbyvyOw+3Z1AowPkU87JkJUSv751ELWaiTpj8I=
github.com/clbanning/mxj v1.8.4/go.mod h1:BVjHeAH+rl9rs6f+QIpeRl0tfu10SXn1pUSa5PVGJng=
github.com/cpuguy83/go-md2man/v2 v2.0.2/go.mod h1:tgQtvFlXSQOSOSIRvRPT7W67SCa46tRHOmNcaadrF8o=
github.com/davecgh/go-spew v1.1.0/go.mod h1:J7Y8YcW2NihsgmVo/mv3lAwl/skON4iLHjSsI+c5H38=
github.com/davecgh/go-spew v1.1.1 h1:vj9j/u1bqnvCEfJOwUhtlOARqs3+rkHYY13jYWTU97c=
github.com/davecgh/go-spew v1.1.1/go.mod h1:J7Y8YcW2NihsgmVo/mv3lAwl/skON4iLHjSsI+c5H38=
github.com/dgrijalva/jwt-go v3.2.0+incompatible h1:7qlOGliEKZXTDg6OTjfoBKDXWrumCAMpl/TFQ4/5kLM=
github.com/dgrijalva/jwt-go v3.2.0+incompatible/go.mod h1:E3ru+11k8xSBh+hMPgOLZmtrrCbhqsmaPHjLKYnJCaQ=
github.com/golang/protobuf v1.5.2 h1:ROPKBNFfQgOUMifHyP+KYbvpjbdoFNs+aK7DXlji0Tw=
github.com/google/go-cmp v0.5.9 h1:O2Tfq5qg4qc4AmwVlvv0oLiVAGB7enBSJ2x2DqQFi38=
github.com/grokify/html-strip-tags-go v0.0.1 h1:0fThFwLbW7P/kOiTBs03FsJSV9RM2M/Q/MOnCQxKMo0=
github.com/grokify/html-strip-tags-go v0.0.1/go.mod h1:2Su6romC5/1VXOQMaWL2yb618ARB8iVo6/DR99A6d78=
github.com/hpcloud/tail v1.0.0 h1:nfCOvKYfkgYP8hkirhJocXT2+zOD8yUNjXaWfTlyFKI=
github.com/inconshreveable/mousetrap v1.0.1/go.mod h1:vpF70FUmC8bwa3OWnCshd2FqLfsEA9PFc4w1p2J65bw=
github.com/inconshreveable/mousetrap v1.1.0 h1:wN+x4NVGpMsO7ErUn/mUI3vEoE6Jt13X2s0bqwp9tc8=
github.com/inconshreveable/mousetrap v1.1.0/go.mod h1:vpF70FUmC8bwa3OWnCshd2FqLfsEA9PFc4w1p2J65bw=
github.com/kr/pretty v0.1.0 h1:L/CwN0zerZDmRFUapSPitk6f+Q3+0za1rQkzVuMiMFI=
github.com/kr/text v0.1.0 h1:45sCR5RtlFHMR4UwH9sdQ5TC8v0qDQCHnXt+kaKSTVE=
github.com/mitchellh/go-homedir v1.1.0 h1:lukF9ziXFxDFPkA1vsr5zpc1XuPDn/wFntq5mG+4E0Y=
github.com/mitchellh/go-homedir v1.1.0/go.mod h1:SfyaCUpYCn1Vlf4IUYiD9fPX4A5wJrkLzIz1N1q0pr0=
github.com/mitchellh/mapstructure v1.5.0 h1:jeMsZIYE/09sWLaz43PL7Gy6RuMjD2eJVyuac5Z2hdY=
github.com/mitchellh/mapstructure v1.5.0/go.mod h1:bFUtVrKA4DC2yAKiSyO/QUcy7e+RRV2QTWOzhPopBRo=
github.com/octoberswimmer/go-tree-sitter-sfapex v0.0.0-20230302122840-7cad9169f7fd h1:a3rmaXr7XYUhQQ6zSuq30tbK+HfMj8XTWmlcJ/1Tan8=
github.com/octoberswimmer/go-tree-sitter-sfapex v0.0.0-20230302122840-7cad9169f7fd/go.mod h1:6mjt9s9l3rW3xp6caNtvKNmA7FDlhLbHKSIl7GAAQAA=
github.com/onsi/ginkgo v1.12.0 h1:Iw5WCbBcaAAd0fpRb1c9r5YCylv4XDoCSigm1zLevwU=
github.com/onsi/gomega v1.23.0 h1:/oxKu9c2HVap+F3PfKort2Hw5DEU+HGlW8n+tguWsys=
github.com/pkg/errors v0.9.1 h1:FEBLx1zS214owpjy7qsBeixbURkuhQAwrK5UwLGTwt4=
github.com/pkg/errors v0.9.1/go.mod h1:bwawxfHBFNV+L2hUp1rHADufV3IMtnDRdf1r5NINEl0=
github.com/pmezard/go-difflib v1.0.0 h1:4DBwDE0NGyQoBHbLQYPwSUPoCMWR5BEzIk/f1lZbAQM=
github.com/pmezard/go-difflib v1.0.0/go.mod h1:iKH77koFhYxTK1pcRnkKkqfTogsbg7gZNVY4sRDYZ/4=
github.com/rgalanakis/golangal v0.0.0-20210923203926-e36008487518 h1:WBe84QNQwWtC92BctlbCj//ftrBWyjulKxzyWaFFuT0=
github.com/russross/blackfriday/v2 v2.1.0/go.mod h1:+Rmxgy9KzJVeS9/2gXHxylqXiyQDYRxCVz55jmeOWTM=
github.com/sirupsen/logrus v1.8.1 h1:dJKuHgqk1NNQlqoA6BTlM1Wf9DOH3NBjQyu0h9+AZZE=
github.com/sirupsen/logrus v1.8.1/go.mod h1:yWOB1SBYBC5VeMP7gHvWumXLIWorT60ONWic61uBYv0=
github.com/smacker/go-tree-sitter v0.0.0-20230223055714-4d4cba2a4780 h1:neb4h975LGMkFTJ6WM64sdbSOpoB0BEr8K+k73BwkEI=
github.com/smacker/go-tree-sitter v0.0.0-20230223055714-4d4cba2a4780/go.mod h1:q99oHDsbP0xRwmn7Vmob8gbSMNyvJ83OauXPSuHQuKE=
github.com/spf13/cobra v1.6.1 h1:o94oiPyS4KD1mPy2fmcYYHHfCxLqYjJOhGsCHFZtEzA=
github.com/spf13/cobra v1.6.1/go.mod h1:IOw/AERYS7UzyrGinqmz6HLUo219MORXGxhbaJUqzrY=
github.com/spf13/pflag v1.0.5 h1:iy+VFUOCP1a+8yFto/drg2CJ5u0yRoB7fZw3DKv/JXA=
github.com/spf13/pflag v1.0.5/go.mod h1:McXfInJRrz4CZXVZOBLb0bTZqETkiAhM9Iw0y3An2Bg=
github.com/stretchr/objx v0.1.0/go.mod h1:HFkY916IF+rwdDfMAkV7OtwuqBVzrE8GR6GFx+wExME=
github.com/stretchr/objx v0.4.0/go.mod h1:YvHI0jy2hoMjB+UWwv71VJQ9isScKT/TqJzVSSt89Yw=
github.com/stretchr/testify v1.2.2/go.mod h1:a8OnRcib4nhh0OaRAV+Yts87kKdq0PP7pXfy6kDkUVs=
github.com/stretchr/testify v1.7.1/go.mod h1:6Fq8oRcR53rry900zMqJjRRixrwX3KX962/h/Wwjteg=
github.com/stretchr/testify v1.7.4/go.mod h1:yNjHg4UonilssWZ8iaSj1OCr/vHnekPRkoO+kdMU+MU=
github.com/stretchr/testify v1.8.0 h1:pSgiaMZlXftHpm5L7V1+rVB+AZJydKsMxsQBIJw4PKk=
github.com/stretchr/testify v1.8.0/go.mod h1:yNjHg4UonilssWZ8iaSj1OCr/vHnekPRkoO+kdMU+MU=
golang.org/x/net v0.7.0 h1:rJrUqqhjsgNp7KqAIc25s9pZnjU7TUcSY7HcVZjdn1g=
golang.org/x/net v0.7.0/go.mod h1:2Tu9+aMcznHK/AK1HMvgo6xiTLG5rD5rZLDS+rp2Bjs=
golang.org/x/sys v0.0.0-20191026070338-33540a1f6037/go.mod h1:h1NjWce9XRLGQEsW7wpKNCjG9DtNlClVuFLEZdDNbEs=
golang.org/x/sys v0.5.0 h1:MUK/U/4lj1t1oPg0HfuXDN/Z1wv31ZJ/YcPiGccS4DU=
golang.org/x/sys v0.5.0/go.mod h1:oPkhp1MJrh7nUepCBck5+mAzfO9JrbApNNgaTdGDITg=
golang.org/x/text v0.7.0 h1:4BRB4x83lYWy72KwLD/qYDuTu7q9PjSagHvijDw7cLo=
google.golang.org/protobuf v1.28.1 h1:d0NfwRgPtno5B1Wa6L2DAG+KivqkdutMf1UhdNx175w=
gopkg.in/check.v1 v0.0.0-20161208181325-20d25e280405/go.mod h1:Co6ibVJAznAaIkqp8huTwlJQCZ016jof/cbN4VW5Yz0=
gopkg.in/check.v1 v1.0.0-20180628173108-788fd7840127 h1:qIbj1fsPNlZgppZ+VLlY7N33q108Sa+fhmuc+sWQYwY=
gopkg.in/fsnotify.v1 v1.4.7 h1:xOHLXZwVvI9hhs+cLKq5+I5onOuwQLhQwiu63xxlHs4=
gopkg.in/tomb.v1 v1.0.0-20141024135613-dd632973f1e7 h1:uRGJdciOHaEIrze2W8Q3AKkepLTh2hOroT7a+7czfdQ=
gopkg.in/yaml.v3 v3.0.0-20200313102051-9f266ea9e77c/go.mod h1:K4uyk7z7BCEPqu6E+C64Yfv1cQ7kz7rIZviUmN+EgEM=
gopkg.in/yaml.v3 v3.0.1 h1:fxVm/GzAzEWqLHuvctI91KS9hhNmmWOoWu0XTYJS7CA=
gopkg.in/yaml.v3 v3.0.1/go.mod h1:K4uyk7z7BCEPqu6E+C64Yfv1cQ7kz7rIZviUmN+EgEM=
k8s.io/kubernetes v1.26.1 h1:N+qxlptxpSU/VSLvqBGWyyw/kNhJRpEn1b5YP57+5rk=
k8s.io/kubernetes v1.26.1/go.mod h1:dEfAfGVZBOr2uZLeVazLPj/8E+t8jYFbQqCiBudkB8o=
